
Microsoft Visual Studio Solution File, Format Version 12.00
# Visual Studio 15
VisualStudioVersion = 15.0.28307.645
MinimumVisualStudioVersion = 10.0.40219.1
Project("{FAE04EC0-301F-11D3-BF4B-00C04F79EFBC}") = "PDFGenTest", "PDFGenTest\PDFGenTest.csproj", "{87A30995-763C-43CB-84EA-BF1B71A65046}"
EndProject
Global
	GlobalSection(SolutionConfigurationPlatforms) = preSolution
		Debug|Any CPU = Debug|Any CPU
		Release|Any CPU = Release|Any CPU
	EndGlobalSection
	GlobalSection(ProjectConfigurationPlatforms) = postSolution
		{87A30995-763C-43CB-84EA-BF1B71A65046}.Debug|Any CPU.ActiveCfg = Debug|Any CPU
		{87A30995-763C-43CB-84EA-BF1B71A65046}.Debug|Any CPU.Build.0 = Debug|Any CPU
		{87A30995-763C-43CB-84EA-BF1B71A65046}.Release|Any CPU.ActiveCfg = Release|Any CPU
		{87A30995-763C-43CB-84EA-BF1B71A65046}.Release|Any CPU.Build.0 = Release|Any CPU
	EndGlobalSection
	GlobalSection(SolutionProperties) = preSolution
		HideSolutionNode = FALSE
	EndGlobalSection
	GlobalSection(ExtensibilityGlobals) = postSolution
		SolutionGuid = {27F61B23-86AD-44ED-90A9-3AB8703A5135}
	EndGlobalSection
EndGlobal
